
Microsoft Visual Studio Solution File, Format Version 12.00
# Visual Studio Version 17
VisualStudioVersion = 17.2.32616.157
MinimumVisualStudioVersion = 10.0.40219.1
Project("{9A19103F-16F7-4668-BE54-9A1E7A4F7556}") = "MailClient.Base", "MailClient.Base\MailClient.Base.csproj", "{7C6E732E-8CB1-4658-8A32-10467B194D09}"
EndProject
Project("{9A19103F-16F7-4668-BE54-9A1E7A4F7556}") = "MailgunClient", "MailgunClient\MailgunClient.csproj", "{153C761E-AE87-4DC1-B033-A63476578AFD}"
EndProject
Project("{FAE04EC0-301F-11D3-BF4B-00C04F79EFBC}") = "Smtp2GoClient", "Smtp2GoClient\Smtp2GoClient.csproj", "{C6304837-9225-4161-90A9-5DB33EB914EF}"
EndProject
Global
	GlobalSection(SolutionConfigurationPlatforms) = preSolution
		Debug|Any CPU = Debug|Any CPU
		Release|Any CPU = Release|Any CPU
	EndGlobalSection
	GlobalSection(ProjectConfigurationPlatforms) = postSolution
		{7C6E732E-8CB1-4658-8A32-10467B194D09}.Debug|Any CPU.ActiveCfg = Debug|Any CPU
		{7C6E732E-8CB1-4658-8A32-10467B194D09}.Debug|Any CPU.Build.0 = Debug|Any CPU
		{7C6E732E-8CB1-4658-8A32-10467B194D09}.Release|Any CPU.ActiveCfg = Release|Any CPU
		{7C6E732E-8CB1-4658-8A32-10467B194D09}.Release|Any CPU.Build.0 = Release|Any CPU
		{153C761E-AE87-4DC1-B033-A63476578AFD}.Debug|Any CPU.ActiveCfg = Debug|Any CPU
		{153C761E-AE87-4DC1-B033-A63476578AFD}.Debug|Any CPU.Build.0 = Debug|Any CPU
		{153C761E-AE87-4DC1-B033-A63476578AFD}.Release|Any CPU.ActiveCfg = Release|Any CPU
		{153C761E-AE87-4DC1-B033-A63476578AFD}.Release|Any CPU.Build.0 = Release|Any CPU
		{C6304837-9225-4161-90A9-5DB33EB914EF}.Debug|Any CPU.ActiveCfg = Debug|Any CPU
		{C6304837-9225-4161-90A9-5DB33EB914EF}.Debug|Any CPU.Build.0 = Debug|Any CPU
		{C6304837-9225-4161-90A9-5DB33EB914EF}.Release|Any CPU.ActiveCfg = Release|Any CPU
		{C6304837-9225-4161-90A9-5DB33EB914EF}.Release|Any CPU.Build.0 = Release|Any CPU
	EndGlobalSection
	GlobalSection(SolutionProperties) = preSolution
		HideSolutionNode = FALSE
	EndGlobalSection
	GlobalSection(ExtensibilityGlobals) = postSolution
		SolutionGuid = {09627D12-4EF0-4A66-8A02-F8CD439641E3}
	EndGlobalSection
EndGlobal
